<?xml version="1.0" encoding="utf-8"?>
<Project ToolsVersion="4.0" xmlns="http://schemas.microsoft.com/developer/msbuild/2003">
  <ItemGroup>
    <Filter Include="Source Files">
      <UniqueIdentifier>{4FC737F1-C7A5-4376-A066-2A32D752A2FF}</UniqueIdentifier>
      <Extensions>cpp;c;cc;cxx;c++;cppm;ixx;def;odl;idl;hpj;bat;asm;asmx</Extensions>
    </Filter>
    <Filter Include="Header Files">
      <UniqueIdentifier>{93995380-89BD-4b04-88EB-625FBE52EBFB}</UniqueIdentifier>
      <Extensions>h;hh;hpp;hxx;h++;hm;inl;inc;ipp;xsd</Extensions>
    </Filter>
    <Filter Include="Resource Files">
      <UniqueIdentifier>{67DA6AB6-F800-4c08-8B7A-83BB121AAD01}</UniqueIdentifier>
      <Extensions>rc;ico;cur;bmp;dlg;rc2;rct;bin;rgs;gif;jpg;jpeg;jpe;resx;tiff;tif;png;wav;mfcribbon-ms</Extensions>
    </Filter>
  </ItemGroup>
  <ItemGroup>
    <ClCompile Include="FreamWork\Common\BaseApplication.cpp">
      <Filter>Source Files</Filter>
    </ClCompile>
    <ClCompile Include="FreamWork\Empty\EmptyApplication.h">
      <Filter>Source Files</Filter>
    </ClCompile>
    <ClCompile Include="Platform\Windows\RHI\App.cpp">
      <Filter>Source Files</Filter>
    </ClCompile>
    <ClCompile Include="Platform\Windows\RHI\CommandListManager.cpp">
      <Filter>Source Files</Filter>
    </ClCompile>
    <ClCompile Include="Platform\Windows\RHI\CommandQueueManager.cpp">
      <Filter>Source Files</Filter>
    </ClCompile>
    <ClCompile Include="Platform\Windows\RHI\DescriptorHeap.cpp">
      <Filter>Source Files</Filter>
    </ClCompile>
    <ClCompile Include="Platform\Windows\RHI\Display.cpp">
      <Filter>Source Files</Filter>
    </ClCompile>
    <ClCompile Include="Platform\Windows\Exception.cpp">
      <Filter>Source Files</Filter>
    </ClCompile>
    <ClCompile Include="Platform\Windows\RHI\GraphicsCore.cpp">
      <Filter>Source Files</Filter>
    </ClCompile>
    <ClCompile Include="Platform\Windows\RHI\PipelineState.cpp">
      <Filter>Source Files</Filter>
    </ClCompile>
    <ClCompile Include="Platform\Windows\RHI\RootSignature.cpp">
      <Filter>Source Files</Filter>
    </ClCompile>
    <ClCompile Include="Platform\Windows\RHI\Window.cpp">
      <Filter>Source Files</Filter>
    </ClCompile>
    <ClCompile Include="Platform\Windows\WinHelper.cpp">
      <Filter>Source Files</Filter>
    </ClCompile>
    <ClCompile Include="Platform\Windows\File\APCIO.cpp">
      <Filter>Source Files</Filter>
    </ClCompile>
    <ClCompile Include="Platform\Windows\WinError.cpp">
      <Filter>Source Files</Filter>
    </ClCompile>
    <ClCompile Include="FreamWork\Common\GraphicsModule.cpp">
      <Filter>Source Files</Filter>
    </ClCompile>
    <ClCompile Include="Platform\Windows\RHI\GPUResoures.cpp">
      <Filter>Source Files</Filter>
    </ClCompile>
    <ClCompile Include="Core\Memory\MemoryManager.cpp">
      <Filter>Source Files</Filter>
    </ClCompile>
    <ClCompile Include="Resource\SenceObject.cpp">
      <Filter>Source Files</Filter>
    </ClCompile>
    <ClCompile Include="Resource\SenceParse.cpp">
      <Filter>Source Files</Filter>
    </ClCompile>
    <ClCompile Include="Test\TestImport.cpp">
      <Filter>Source Files</Filter>
    </ClCompile>
  </ItemGroup>
  <ItemGroup>
    <ClInclude Include="FreamWork\Common\BaseApplication.h">
      <Filter>Header Files</Filter>
    </ClInclude>
    <ClInclude Include="FreamWork\Interface\IApplication.h">
      <Filter>Header Files</Filter>
    </ClInclude>
    <ClInclude Include="FreamWork\Interface\IRuntimeModule.h">
      <Filter>Header Files</Filter>
    </ClInclude>
    <ClInclude Include="FreamWork\Interface\IUnkown.h">
      <Filter>Header Files</Filter>
    </ClInclude>
    <ClInclude Include="Platform\Windows\RHI\App.h">
      <Filter>Header Files</Filter>
    </ClInclude>
    <ClInclude Include="Platform\Windows\ClassAttribute.h">
      <Filter>Header Files</Filter>
    </ClInclude>
    <ClInclude Include="Platform\Windows\RHI\CommandListManager.h">
      <Filter>Header Files</Filter>
    </ClInclude>
    <ClInclude Include="Platform\Windows\RHI\CommandQueueManager.h">
      <Filter>Header Files</Filter>
    </ClInclude>
    <ClInclude Include="Platform\Windows\RHI\d3dx12.h">
      <Filter>Header Files</Filter>
    </ClInclude>
    <ClInclude Include="Platform\Windows\RHI\DescriptorHeap.h">
      <Filter>Header Files</Filter>
    </ClInclude>
    <ClInclude Include="Platform\Windows\RHI\Display.h">
      <Filter>Header Files</Filter>
    </ClInclude>
    <ClInclude Include="Platform\Windows\Exception.h">
      <Filter>Header Files</Filter>
    </ClInclude>
    <ClInclude Include="Platform\Windows\RHI\GraphicsCore.h">
      <Filter>Header Files</Filter>
    </ClInclude>
    <ClInclude Include="Platform\Windows\RHI\PipelineState.h">
      <Filter>Header Files</Filter>
    </ClInclude>
    <ClInclude Include="Platform\Windows\RHI\Resource\resource1.h">
      <Filter>Header Files</Filter>
    </ClInclude>
    <ClInclude Include="Platform\Windows\RHI\RootSignature.h">
      <Filter>Header Files</Filter>
    </ClInclude>
    <ClInclude Include="Platform\Windows\RHI\Window.h">
      <Filter>Header Files</Filter>
    </ClInclude>
    <ClInclude Include="Platform\Windows\WinHelper.h">
      <Filter>Header Files</Filter>
    </ClInclude>
    <ClInclude Include="Platform\Windows\WinStd.h">
      <Filter>Header Files</Filter>
    </ClInclude>
    <ClInclude Include="Platform\Windows\File\APCIO.h">
      <Filter>Header Files</Filter>
    </ClInclude>
    <ClInclude Include="Platform\Windows\WinError.h">
      <Filter>Header Files</Filter>
    </ClInclude>
    <ClInclude Include="Resource\Model.h">
      <Filter>Header Files</Filter>
    </ClInclude>
    <ClInclude Include="Resource\Sence.h">
      <Filter>Header Files</Filter>
    </ClInclude>
    <ClInclude Include="Resource\SenceObject.h">
      <Filter>Header Files</Filter>
    </ClInclude>
    <ClInclude Include="Resource\SenceParse.h">
      <Filter>Header Files</Filter>
    </ClInclude>
    <ClInclude Include="FreamWork\Common\GraphicsModule.h">
      <Filter>Header Files</Filter>
    </ClInclude>
    <ClInclude Include="Platform\Windows\RHI\GPUResoures.h">
      <Filter>Header Files</Filter>
    </ClInclude>
    <ClInclude Include="Core\Math\MathType.h">
      <Filter>Header Files</Filter>
    </ClInclude>
    <ClInclude Include="Core\Memory\MemoryManager.h">
      <Filter>Header Files</Filter>
    </ClInclude>
    <ClInclude Include="Core\File\Path.h">
      <Filter>Header Files</Filter>
    </ClInclude>
    <ClInclude Include="Resource\ResourceError.h">
      <Filter>Header Files</Filter>
    </ClInclude>
    <ClInclude Include="Resource\SenceManager.h">
      <Filter>Header Files</Filter>
    </ClInclude>
  </ItemGroup>
  <ItemGroup>
    <Text Include="CMakeLists.txt" />
  </ItemGroup>
  <ItemGroup>
    <ResourceCompile Include="Platform\Windows\RHI\Resource\Resource.rc">
      <Filter>Resource Files</Filter>
    </ResourceCompile>
  </ItemGroup>
  <ItemGroup>
    <FxCompile Include="Platform\Windows\RHI\Shader\PSshaders.hlsl" />
    <FxCompile Include="Platform\Windows\RHI\Shader\VSshaders.hlsl" />
  </ItemGroup>
  <ItemGroup>
    <None Include="packages.config" />
  </ItemGroup>
</Project>